Microsoft Visual Studio Solution File, Format Version 11.00
# Visual Studio 2008

Project("{EDBB36B3-E412-CC71-7ADD-6CBC2CE1B844}") = "Finger Runner - unity5.4 - current", "Assembly-CSharp-firstpass.csproj", "{B217F189-214D-6861-55FA-7B54A8946276}"
EndProject
Project("{EDBB36B3-E412-CC71-7ADD-6CBC2CE1B844}") = "Finger Runner - unity5.4 - current", "Assembly-CSharp.csproj", "{886B29EA-6236-9201-3ECC-09479A9E9272}"
EndProject
Project("{EDBB36B3-E412-CC71-7ADD-6CBC2CE1B844}") = "Finger Runner - unity5.4 - current", "Assembly-CSharp-Editor-firstpass.csproj", "{4C8680CB-72C3-AE99-9BD2-B2E458255BBB}"
EndProject
Project("{EDBB36B3-E412-CC71-7ADD-6CBC2CE1B844}") = "Finger Runner - unity5.4 - current", "Assembly-CSharp-Editor.csproj", "{332F8872-8108-5703-095A-7ADBD6ABFC47}"
EndProject
Global
	GlobalSection(SolutionConfigurationPlatforms) = preSolution
		Debug|Any CPU = Debug|Any CPU
		Release|Any CPU = Release|Any CPU
	EndGlobalSection
	GlobalSection(ProjectConfigurationPlatforms) = postSolution
		{B217F189-214D-6861-55FA-7B54A8946276}.Debug|Any CPU.ActiveCfg = Debug|Any CPU
		{B217F189-214D-6861-55FA-7B54A8946276}.Debug|Any CPU.Build.0 = Debug|Any CPU
		{B217F189-214D-6861-55FA-7B54A8946276}.Release|Any CPU.ActiveCfg = Release|Any CPU
		{B217F189-214D-6861-55FA-7B54A8946276}.Release|Any CPU.Build.0 = Release|Any CPU
		{886B29EA-6236-9201-3ECC-09479A9E9272}.Debug|Any CPU.ActiveCfg = Debug|Any CPU
		{886B29EA-6236-9201-3ECC-09479A9E9272}.Debug|Any CPU.Build.0 = Debug|Any CPU
		{886B29EA-6236-9201-3ECC-09479A9E9272}.Release|Any CPU.ActiveCfg = Release|Any CPU
		{886B29EA-6236-9201-3ECC-09479A9E9272}.Release|Any CPU.Build.0 = Release|Any CPU
		{4C8680CB-72C3-AE99-9BD2-B2E458255BBB}.Debug|Any CPU.ActiveCfg = Debug|Any CPU
		{4C8680CB-72C3-AE99-9BD2-B2E458255BBB}.Debug|Any CPU.Build.0 = Debug|Any CPU
		{4C8680CB-72C3-AE99-9BD2-B2E458255BBB}.Release|Any CPU.ActiveCfg = Release|Any CPU
		{4C8680CB-72C3-AE99-9BD2-B2E458255BBB}.Release|Any CPU.Build.0 = Release|Any CPU
		{332F8872-8108-5703-095A-7ADBD6ABFC47}.Debug|Any CPU.ActiveCfg = Debug|Any CPU
		{332F8872-8108-5703-095A-7ADBD6ABFC47}.Debug|Any CPU.Build.0 = Debug|Any CPU
		{332F8872-8108-5703-095A-7ADBD6ABFC47}.Release|Any CPU.ActiveCfg = Release|Any CPU
		{332F8872-8108-5703-095A-7ADBD6ABFC47}.Release|Any CPU.Build.0 = Release|Any CPU
	EndGlobalSection
	GlobalSection(SolutionProperties) = preSolution
		HideSolutionNode = FALSE
	EndGlobalSection
	GlobalSection(MonoDevelopProperties) = preSolution
		StartupItem = Assembly-CSharp.csproj
	EndGlobalSection
EndGlobal
